
Microsoft Visual Studio Solution File, Format Version 12.00
# Visual Studio Version 17
VisualStudioVersion = 17.14.37027.9 d17.14
MinimumVisualStudioVersion = 10.0.40219.1
Project("{8BC9CEB8-8B4A-11D0-8D11-00A0C91BC942}") = "Over_kadai2", "Over_kadai2\Over_kadai2.vcxproj", "{DB767CA2-06E1-4A6E-88F6-6C8A655DC620}"
EndProject
Global
	GlobalSection(SolutionConfigurationPlatforms) = preSolution
		Debug|x64 = Debug|x64
		Debug|x86 = Debug|x86
		Release|x64 = Release|x64
		Release|x86 = Release|x86
	EndGlobalSection
	GlobalSection(ProjectConfigurationPlatforms) = postSolution
		{DB767CA2-06E1-4A6E-88F6-6C8A655DC620}.Debug|x64.ActiveCfg = Debug|x64
		{DB767CA2-06E1-4A6E-88F6-6C8A655DC620}.Debug|x64.Build.0 = Debug|x64
		{DB767CA2-06E1-4A6E-88F6-6C8A655DC620}.Debug|x86.ActiveCfg = Debug|Win32
		{DB767CA2-06E1-4A6E-88F6-6C8A655DC620}.Debug|x86.Build.0 = Debug|Win32
		{DB767CA2-06E1-4A6E-88F6-6C8A655DC620}.Release|x64.ActiveCfg = Release|x64
		{DB767CA2-06E1-4A6E-88F6-6C8A655DC620}.Release|x64.Build.0 = Release|x64
		{DB767CA2-06E1-4A6E-88F6-6C8A655DC620}.Release|x86.ActiveCfg = Release|Win32
		{DB767CA2-06E1-4A6E-88F6-6C8A655DC620}.Release|x86.Build.0 = Release|Win32
	EndGlobalSection
	GlobalSection(SolutionProperties) = preSolution
		HideSolutionNode = FALSE
	EndGlobalSection
	GlobalSection(ExtensibilityGlobals) = postSolution
		SolutionGuid = {6A2EDD70-CA83-4FE2-9EB7-A86DE8954111}
	EndGlobalSection
EndGlobal
